// !$*UTF8*$!
{
	archiveVersion = 1;
	classes = {
	};
	objectVersion = 56;
	objects = {

/* Begin PBXBuildFile section */
		BA0A9CF82C5236510046E4A3 /* TrainingMLImageClassifierApp.swift in Sources */ = {isa = PBXBuildFile; fileRef = BA0A9CF72C5236510046E4A3 /* TrainingMLImageClassifierApp.swift */; };
		BA0A9CFA2C5236510046E4A3 /* ContentView.swift in Sources */ = {isa = PBXBuildFile; fileRef = BA0A9CF92C5236510046E4A3 /* ContentView.swift */; };
		BA0A9CFC2C5236520046E4A3 /* Assets.xcassets in Resources */ = {isa = PBXBuildFile; fileRef = BA0A9CFB2C5236520046E4A3 /* Assets.xcassets */; };
		BA0A9CFF2C5236520046E4A3 /* Preview Assets.xcassets in Resources */ = {isa = PBXBuildFile; fileRef = BA0A9CFE2C5236520046E4A3 /* Preview Assets.xcassets */; };
		BAA0C2342C5239B600AC467F /* CIImageExtension.swift in Sources */ = {isa = PBXBuildFile; fileRef = BAA0C2332C5239B600AC467F /* CIImageExtension.swift */; };
		BAA0C2362C523A2C00AC467F /* AppConstants.swift in Sources */ = {isa = PBXBuildFile; fileRef = BAA0C2352C523A2C00AC467F /* AppConstants.swift */; };
		BAA0C2382C523ACD00AC467F /* CameraManager.swift in Sources */ = {isa = PBXBuildFile; fileRef = BAA0C2372C523ACD00AC467F /* CameraManager.swift */; };
		BAA0C23A2C523B4100AC467F /* ImageClassifier.swift in Sources */ = {isa = PBXBuildFile; fileRef = BAA0C2392C523B4100AC467F /* ImageClassifier.swift */; };
		BAA0C23C2C523B8A00AC467F /* ImageGenerator.swift in Sources */ = {isa = PBXBuildFile; fileRef = BAA0C23B2C523B8A00AC467F /* ImageGenerator.swift */; };
		BAA0C23E2C523BE700AC467F /* ImageTrainer.swift in Sources */ = {isa = PBXBuildFile; fileRef = BAA0C23D2C523BE700AC467F /* ImageTrainer.swift */; };
		BAA0C2402C523C2100AC467F /* MovieFileRecorder.swift in Sources */ = {isa = PBXBuildFile; fileRef = BAA0C23F2C523C2100AC467F /* MovieFileRecorder.swift */; };
/* End PBXBuildFile section */

/* Begin PBXFileReference section */
		BA0A9CF42C5236510046E4A3 /* TrainingMLImageClassifier.app */ = {isa = PBXFileReference; explicitFileType = wrapper.application; includeInIndex = 0; path = TrainingMLImageClassifier.app; sourceTree = BUILT_PRODUCTS_DIR; };
		BA0A9CF72C5236510046E4A3 /* TrainingMLImageClassifierApp.swift */ = {isa = PBXFileReference; lastKnownFileType = sourcecode.swift; path = TrainingMLImageClassifierApp.swift; sourceTree = "<group>"; };
		BA0A9CF92C5236510046E4A3 /* ContentView.swift */ = {isa = PBXFileReference; lastKnownFileType = sourcecode.swift; path = ContentView.swift; sourceTree = "<group>"; };
		BA0A9CFB2C5236520046E4A3 /* Assets.xcassets */ = {isa = PBXFileReference; lastKnownFileType = folder.assetcatalog; path = Assets.xcassets; sourceTree = "<group>"; };
		BA0A9CFE2C5236520046E4A3 /* Preview Assets.xcassets */ = {isa = PBXFileReference; lastKnownFileType = folder.assetcatalog; path = "Preview Assets.xcassets"; sourceTree = "<group>"; };
		BAA0C2332C5239B600AC467F /* CIImageExtension.swift */ = {isa = PBXFileReference; lastKnownFileType = sourcecode.swift; path = CIImageExtension.swift; sourceTree = "<group>"; };
		BAA0C2352C523A2C00AC467F /* AppConstants.swift */ = {isa = PBXFileReference; lastKnownFileType = sourcecode.swift; path = AppConstants.swift; sourceTree = "<group>"; };
		BAA0C2372C523ACD00AC467F /* CameraManager.swift */ = {isa = PBXFileReference; lastKnownFileType = sourcecode.swift; path = CameraManager.swift; sourceTree = "<group>"; };
		BAA0C2392C523B4100AC467F /* ImageClassifier.swift */ = {isa = PBXFileReference; lastKnownFileType = sourcecode.swift; path = ImageClassifier.swift; sourceTree = "<group>"; };
		BAA0C23B2C523B8A00AC467F /* ImageGenerator.swift */ = {isa = PBXFileReference; lastKnownFileType = sourcecode.swift; path = ImageGenerator.swift; sourceTree = "<group>"; };
		BAA0C23D2C523BE700AC467F /* ImageTrainer.swift */ = {isa = PBXFileReference; lastKnownFileType = sourcecode.swift; path = ImageTrainer.swift; sourceTree = "<group>"; };
		BAA0C23F2C523C2100AC467F /* MovieFileRecorder.swift */ = {isa = PBXFileReference; lastKnownFileType = sourcecode.swift; path = MovieFileRecorder.swift; sourceTree = "<group>"; };
/* End PBXFileReference section */

/* Begin PBXFrameworksBuildPhase section */
		BA0A9CF12C5236510046E4A3 /* Frameworks */ = {
			isa = PBXFrameworksBuildPhase;
			buildActionMask = 2147483647;
			files = (
			);
			runOnlyForDeploymentPostprocessing = 0;
		};
/* End PBXFrameworksBuildPhase section */

/* Begin PBXGroup section */
		BA0A9CEB2C5236510046E4A3 = {
			isa = PBXGroup;
			children = (
				BA0A9CF62C5236510046E4A3 /* TrainingMLImageClassifier */,
				BA0A9CF52C5236510046E4A3 /* Products */,
			);
			sourceTree = "<group>";
		};
		BA0A9CF52C5236510046E4A3 /* Products */ = {
			isa = PBXGroup;
			children = (
				BA0A9CF42C5236510046E4A3 /* TrainingMLImageClassifier.app */,
			);
			name = Products;
			sourceTree = "<group>";
		};
		BA0A9CF62C5236510046E4A3 /* TrainingMLImageClassifier */ = {
			isa = PBXGroup;
			children = (
				BA0A9CF72C5236510046E4A3 /* TrainingMLImageClassifierApp.swift */,
				BA0A9CF92C5236510046E4A3 /* ContentView.swift */,
				BAA0C2322C52397600AC467F /* Logic */,
				BA0A9CFB2C5236520046E4A3 /* Assets.xcassets */,
				BA0A9CFD2C5236520046E4A3 /* Preview Content */,
			);
			path = TrainingMLImageClassifier;
			sourceTree = "<group>";
		};
		BA0A9CFD2C5236520046E4A3 /* Preview Content */ = {
			isa = PBXGroup;
			children = (
				BA0A9CFE2C5236520046E4A3 /* Preview Assets.xcassets */,
			);
			path = "Preview Content";
			sourceTree = "<group>";
		};
		BAA0C2322C52397600AC467F /* Logic */ = {
			isa = PBXGroup;
			children = (
				BAA0C2352C523A2C00AC467F /* AppConstants.swift */,
				BAA0C2332C5239B600AC467F /* CIImageExtension.swift */,
				BAA0C2372C523ACD00AC467F /* CameraManager.swift */,
				BAA0C2392C523B4100AC467F /* ImageClassifier.swift */,
				BAA0C23B2C523B8A00AC467F /* ImageGenerator.swift */,
				BAA0C23D2C523BE700AC467F /* ImageTrainer.swift */,
				BAA0C23F2C523C2100AC467F /* MovieFileRecorder.swift */,
			);
			path = Logic;
			sourceTree = "<group>";
		};
/* End PBXGroup section */

/* Begin PBXNativeTarget section */
		BA0A9CF32C5236510046E4A3 /* TrainingMLImageClassifier */ = {
			isa = PBXNativeTarget;
			buildConfigurationList = BA0A9D022C5236520046E4A3 /* Build configuration list for PBXNativeTarget "TrainingMLImageClassifier" */;
			buildPhases = (
				BA0A9CF02C5236510046E4A3 /* Sources */,
				BA0A9CF12C5236510046E4A3 /* Frameworks */,
				BA0A9CF22C5236510046E4A3 /* Resources */,
			);
			buildRules = (
			);
			dependencies = (
			);
			name = TrainingMLImageClassifier;
			productName = TrainingMLImageClassifier;
			productReference = BA0A9CF42C5236510046E4A3 /* TrainingMLImageClassifier.app */;
			productType = "com.apple.product-type.application";
		};
/* End PBXNativeTarget section */

/* Begin PBXProject section */
		BA0A9CEC2C5236510046E4A3 /* Project object */ = {
			isa = PBXProject;
			attributes = {
				BuildIndependentTargetsInParallel = 1;
				LastSwiftUpdateCheck = 1420;
				LastUpgradeCheck = 1420;
				TargetAttributes = {
					BA0A9CF32C5236510046E4A3 = {
						CreatedOnToolsVersion = 14.2;
					};
				};
			};
			buildConfigurationList = BA0A9CEF2C5236510046E4A3 /* Build configuration list for PBXProject "TrainingMLImageClassifier" */;
			compatibilityVersion = "Xcode 14.0";
			developmentRegion = en;
			hasScannedForEncodings = 0;
			knownRegions = (
				en,
				Base,
			);
			mainGroup = BA0A9CEB2C5236510046E4A3;
			productRefGroup = BA0A9CF52C5236510046E4A3 /* Products */;
			projectDirPath = "";
			projectRoot = "";
			targets = (
				BA0A9CF32C5236510046E4A3 /* TrainingMLImageClassifier */,
			);
		};
/* End PBXProject section */

/* Begin PBXResourcesBuildPhase section */
		BA0A9CF22C5236510046E4A3 /* Resources */ = {
			isa = PBXResourcesBuildPhase;
			buildActionMask = 2147483647;
			files = (
				BA0A9CFF2C5236520046E4A3 /* Preview Assets.xcassets in Resources */,
				BA0A9CFC2C5236520046E4A3 /* Assets.xcassets in Resources */,
			);
			runOnlyForDeploymentPostprocessing = 0;
		};
/* End PBXResourcesBuildPhase section */

/* Begin PBXSourcesBuildPhase section */
		BA0A9CF02C5236510046E4A3 /* Sources */ = {
			isa = PBXSourcesBuildPhase;
			buildActionMask = 2147483647;
			files = (
				BA0A9CFA2C5236510046E4A3 /* ContentView.swift in Sources */,
				BA0A9CF82C5236510046E4A3 /* TrainingMLImageClassifierApp.swift in Sources */,
				BAA0C2342C5239B600AC467F /* CIImageExtension.swift in Sources */,
				BAA0C2402C523C2100AC467F /* MovieFileRecorder.swift in Sources */,
				BAA0C23C2C523B8A00AC467F /* ImageGenerator.swift in Sources */,
				BAA0C2362C523A2C00AC467F /* AppConstants.swift in Sources */,
				BAA0C23E2C523BE700AC467F /* ImageTrainer.swift in Sources */,
				BAA0C23A2C523B4100AC467F /* ImageClassifier.swift in Sources */,
				BAA0C2382C523ACD00AC467F /* CameraManager.swift in Sources */,
			);
			runOnlyForDeploymentPostprocessing = 0;
		};
/* End PBXSourcesBuildPhase section */

/* Begin XCBuildConfiguration section */
		BA0A9D002C5236520046E4A3 /* Debug */ = {
			isa = XCBuildConfiguration;
			buildSettings = {
				ALWAYS_SEARCH_USER_PATHS = NO;
				CLANG_ANALYZER_NONNULL = YES;
				CLANG_ANALYZER_NUMBER_OBJECT_CONVERSION = YES_AGGRESSIVE;
				CLANG_CXX_LANGUAGE_STANDARD = "gnu++20";
				CLANG_ENABLE_MODULES = YES;
				CLANG_ENABLE_OBJC_ARC = YES;
				CLANG_ENABLE_OBJC_WEAK = YES;
				CLANG_WARN_BLOCK_CAPTURE_AUTORELEASING = YES;
				CLANG_WARN_BOOL_CONVERSION = YES;
				CLANG_WARN_COMMA = YES;
				CLANG_WARN_CONSTANT_CONVERSION = YES;
				CLANG_WARN_DEPRECATED_OBJC_IMPLEMENTATIONS = YES;
				CLANG_WARN_DIRECT_OBJC_ISA_USAGE = YES_ERROR;
				CLANG_WARN_DOCUMENTATION_COMMENTS = YES;
				CLANG_WARN_EMPTY_BODY = YES;
				CLANG_WARN_ENUM_CONVERSION = YES;
				CLANG_WARN_INFINITE_RECURSION = YES;
				CLANG_WARN_INT_CONVERSION = YES;
				CLANG_WARN_NON_LITERAL_NULL_CONVERSION = YES;
				CLANG_WARN_OBJC_IMPLICIT_RETAIN_SELF = YES;
				CLANG_WARN_OBJC_LITERAL_CONVERSION = YES;
				CLANG_WARN_OBJC_ROOT_CLASS = YES_ERROR;
				CLANG_WARN_QUOTED_INCLUDE_IN_FRAMEWORK_HEADER = YES;
				CLANG_WARN_RANGE_LOOP_ANALYSIS = YES;
				CLANG_WARN_STRICT_PROTOTYPES = YES;
				CLANG_WARN_SUSPICIOUS_MOVE = YES;
				CLANG_WARN_UNGUARDED_AVAILABILITY = YES_AGGRESSIVE;
				CLANG_WARN_UNREACHABLE_CODE = YES;
				CLANG_WARN__DUPLICATE_METHOD_MATCH = YES;
				COPY_PHASE_STRIP = NO;
				DEBUG_INFORMATION_FORMAT = dwarf;
				ENABLE_STRICT_OBJC_MSGSEND = YES;
				ENABLE_TESTABILITY = YES;
				GCC_C_LANGUAGE_STANDARD = gnu11;
				GCC_DYNAMIC_NO_PIC = NO;
				GCC_NO_COMMON_BLOCKS = YES;
				GCC_OPTIMIZATION_LEVEL = 0;
				GCC_PREPROCESSOR_DEFINITIONS = (
					"DEBUG=1",
					"$(inherited)",
				);
				GCC_WARN_64_TO_32_BIT_CONVERSION = YES;
				GCC_WARN_ABOUT_RETURN_TYPE = YES_ERROR;
				GCC_WARN_UNDECLARED_SELECTOR = YES;
				GCC_WARN_UNINITIALIZED_AUTOS = YES_AGGRESSIVE;
				GCC_WARN_UNUSED_FUNCTION = YES;
				GCC_WARN_UNUSED_VARIABLE = YES;
				IPHONEOS_DEPLOYMENT_TARGET = 15.0;
				MTL_ENABLE_DEBUG_INFO = INCLUDE_SOURCE;
				MTL_FAST_MATH = YES;
				ONLY_ACTIVE_ARCH = YES;
				SDKROOT = iphoneos;
				SWIFT_ACTIVE_COMPILATION_CONDITIONS = DEBUG;
				SWIFT_OPTIMIZATION_LEVEL = "-Onone";
			};
			name = Debug;
		};
		BA0A9D012C5236520046E4A3 /* Release */ = {
			isa = XCBuildConfiguration;
			buildSettings = {
				ALWAYS_SEARCH_USER_PATHS = NO;
				CLANG_ANALYZER_NONNULL = YES;
				CLANG_ANALYZER_NUMBER_OBJECT_CONVERSION = YES_AGGRESSIVE;
				CLANG_CXX_LANGUAGE_STANDARD = "gnu++20";
				CLANG_ENABLE_MODULES = YES;
				CLANG_ENABLE_OBJC_ARC = YES;
				CLANG_ENABLE_OBJC_WEAK = YES;
				CLANG_WARN_BLOCK_CAPTURE_AUTORELEASING = YES;
				CLANG_WARN_BOOL_CONVERSION = YES;
				CLANG_WARN_COMMA = YES;
				CLANG_WARN_CONSTANT_CONVERSION = YES;
				CLANG_WARN_DEPRECATED_OBJC_IMPLEMENTATIONS = YES;
				CLANG_WARN_DIRECT_OBJC_ISA_USAGE = YES_ERROR;
				CLANG_WARN_DOCUMENTATION_COMMENTS = YES;
				CLANG_WARN_EMPTY_BODY = YES;
				CLANG_WARN_ENUM_CONVERSION = YES;
				CLANG_WARN_INFINITE_RECURSION = YES;
				CLANG_WARN_INT_CONVERSION = YES;
				CLANG_WARN_NON_LITERAL_NULL_CONVERSION = YES;
				CLANG_WARN_OBJC_IMPLICIT_RETAIN_SELF = YES;
				CLANG_WARN_OBJC_LITERAL_CONVERSION = YES;
				CLANG_WARN_OBJC_ROOT_CLASS = YES_ERROR;
				CLANG_WARN_QUOTED_INCLUDE_IN_FRAMEWORK_HEADER = YES;
				CLANG_WARN_RANGE_LOOP_ANALYSIS = YES;
				CLANG_WARN_STRICT_PROTOTYPES = YES;
				CLANG_WARN_SUSPICIOUS_MOVE = YES;
				CLANG_WARN_UNGUARDED_AVAILABILITY = YES_AGGRESSIVE;
				CLANG_WARN_UNREACHABLE_CODE = YES;
				CLANG_WARN__DUPLICATE_METHOD_MATCH = YES;
				COPY_PHASE_STRIP = NO;
				DEBUG_INFORMATION_FORMAT = "dwarf-with-dsym";
				ENABLE_NS_ASSERTIONS = NO;
				ENABLE_STRICT_OBJC_MSGSEND = YES;
				GCC_C_LANGUAGE_STANDARD = gnu11;
				GCC_NO_COMMON_BLOCKS = YES;
				GCC_WARN_64_TO_32_BIT_CONVERSION = YES;
				GCC_WARN_ABOUT_RETURN_TYPE = YES_ERROR;
				GCC_WARN_UNDECLARED_SELECTOR = YES;
				GCC_WARN_UNINITIALIZED_AUTOS = YES_AGGRESSIVE;
				GCC_WARN_UNUSED_FUNCTION = YES;
				GCC_WARN_UNUSED_VARIABLE = YES;
				IPHONEOS_DEPLOYMENT_TARGET = 15.0;
				MTL_ENABLE_DEBUG_INFO = NO;
				MTL_FAST_MATH = YES;
				SDKROOT = iphoneos;
				SWIFT_COMPILATION_MODE = wholemodule;
				SWIFT_OPTIMIZATION_LEVEL = "-O";
				VALIDATE_PRODUCT = YES;
			};
			name = Release;
		};
		BA0A9D032C5236520046E4A3 /* Debug */ = {
			isa = XCBuildConfiguration;
			buildSettings = {
				ASSETCATALOG_COMPILER_APPICON_NAME = AppIcon;
				ASSETCATALOG_COMPILER_GLOBAL_ACCENT_COLOR_NAME = AccentColor;
				CODE_SIGN_STYLE = Automatic;
				CURRENT_PROJECT_VERSION = 1;
				DEVELOPMENT_ASSET_PATHS = "\"TrainingMLImageClassifier/Preview Content\"";
				ENABLE_PREVIEWS = YES;
				GENERATE_INFOPLIST_FILE = YES;
				INFOPLIST_KEY_NSCameraUsageDescription = "Takes pictures to demonstrate image classification.";
				INFOPLIST_KEY_UIApplicationSceneManifest_Generation = YES;
				INFOPLIST_KEY_UIApplicationSupportsIndirectInputEvents = YES;
				INFOPLIST_KEY_UILaunchScreen_Generation = YES;
				INFOPLIST_KEY_UISupportedInterfaceOrientations = UIInterfaceOrientationPortrait;
				INFOPLIST_KEY_UISupportedInterfaceOrientations_iPad = "UIInterfaceOrientationLandscapeLeft UIInterfaceOrientationLandscapeRight UIInterfaceOrientationPortrait UIInterfaceOrientationPortraitUpsideDown";
				IPHONEOS_DEPLOYMENT_TARGET = 15.0;
				LD_RUNPATH_SEARCH_PATHS = (
					"$(inherited)",
					"@executable_path/Frameworks",
				);
				MARKETING_VERSION = 1.0;
				PRODUCT_BUNDLE_IDENTIFIER = com.example.TrainingMLImageClassifier;
				PRODUCT_NAME = "$(TARGET_NAME)";
				SUPPORTED_PLATFORMS = "iphoneos iphonesimulator";
				SUPPORTS_MACCATALYST = NO;
				SUPPORTS_MAC_DESIGNED_FOR_IPHONE_IPAD = NO;
				SWIFT_EMIT_LOC_STRINGS = YES;
				SWIFT_VERSION = 5.0;
				TARGETED_DEVICE_FAMILY = 1;
			};
			name = Debug;
		};
		BA0A9D042C5236520046E4A3 /* Release */ = {
			isa = XCBuildConfiguration;
			buildSettings = {
				ASSETCATALOG_COMPILER_APPICON_NAME = AppIcon;
				ASSETCATALOG_COMPILER_GLOBAL_ACCENT_COLOR_NAME = AccentColor;
				CODE_SIGN_STYLE = Automatic;
				CURRENT_PROJECT_VERSION = 1;
				DEVELOPMENT_ASSET_PATHS = "\"TrainingMLImageClassifier/Preview Content\"";
				ENABLE_PREVIEWS = YES;
				GENERATE_INFOPLIST_FILE = YES;
				INFOPLIST_KEY_NSCameraUsageDescription = "Takes pictures to demonstrate image classification.";
				INFOPLIST_KEY_UIApplicationSceneManifest_Generation = YES;
				INFOPLIST_KEY_UIApplicationSupportsIndirectInputEvents = YES;
				INFOPLIST_KEY_UILaunchScreen_Generation = YES;
				INFOPLIST_KEY_UISupportedInterfaceOrientations = UIInterfaceOrientationPortrait;
				INFOPLIST_KEY_UISupportedInterfaceOrientations_iPad = "UIInterfaceOrientationLandscapeLeft UIInterfaceOrientationLandscapeRight UIInterfaceOrientationPortrait UIInterfaceOrientationPortraitUpsideDown";
				IPHONEOS_DEPLOYMENT_TARGET = 15.0;
				LD_RUNPATH_SEARCH_PATHS = (
					"$(inherited)",
					"@executable_path/Frameworks",
				);
				MARKETING_VERSION = 1.0;
				PRODUCT_BUNDLE_IDENTIFIER = com.example.TrainingMLImageClassifier;
				PRODUCT_NAME = "$(TARGET_NAME)";
				SUPPORTED_PLATFORMS = "iphoneos iphonesimulator";
				SUPPORTS_MACCATALYST = NO;
				SUPPORTS_MAC_DESIGNED_FOR_IPHONE_IPAD = NO;
				SWIFT_EMIT_LOC_STRINGS = YES;
				SWIFT_VERSION = 5.0;
				TARGETED_DEVICE_FAMILY = 1;
			};
			name = Release;
		};
/* End XCBuildConfiguration section */

/* Begin XCConfigurationList section */
		BA0A9CEF2C5236510046E4A3 /* Build configuration list for PBXProject "TrainingMLImageClassifier" */ = {
			isa = XCConfigurationList;
			buildConfigurations = (
				BA0A9D002C5236520046E4A3 /* Debug */,
				BA0A9D012C5236520046E4A3 /* Release */,
			);
			defaultConfigurationIsVisible = 0;
			defaultConfigurationName = Release;
		};
		BA0A9D022C5236520046E4A3 /* Build configuration list for PBXNativeTarget "TrainingMLImageClassifier" */ = {
			isa = XCConfigurationList;
			buildConfigurations = (
				BA0A9D032C5236520046E4A3 /* Debug */,
				BA0A9D042C5236520046E4A3 /* Release */,
			);
			defaultConfigurationIsVisible = 0;
			defaultConfigurationName = Release;
		};
/* End XCConfigurationList section */
	};
	rootObject = BA0A9CEC2C5236510046E4A3 /* Project object */;
}
